
Microsoft Visual Studio Solution File, Format Version 12.00
# Visual Studio 2012
Project("{FAE04EC0-301F-11D3-BF4B-00C04F79EFBC}") = "BirdEye.Common", "..\BirdEye.Common\BirdEye.Common.csproj", "{7C01D56D-013D-450C-9EA7-ABB322C434D2}"
EndProject
Project("{FAE04EC0-301F-11D3-BF4B-00C04F79EFBC}") = "BirdEye.Bll", "BirdEye.Bll\BirdEye.Bll.csproj", "{A18FFAC6-5C5D-45B4-831C-445C50845468}"
EndProject
Project("{FAE04EC0-301F-11D3-BF4B-00C04F79EFBC}") = "BirdEye.Dal", "BirdEye.Dal\BirdEye.Dal.csproj", "{FB3B4FED-596B-4D3A-B41D-832AFAE850EC}"
EndProject
Global
	GlobalSection(SolutionConfigurationPlatforms) = preSolution
		Debug|Any CPU = Debug|Any CPU
		Release|Any CPU = Release|Any CPU
	EndGlobalSection
	GlobalSection(ProjectConfigurationPlatforms) = postSolution
		{7C01D56D-013D-450C-9EA7-ABB322C434D2}.Debug|Any CPU.ActiveCfg = Debug|Any CPU
		{7C01D56D-013D-450C-9EA7-ABB322C434D2}.Debug|Any CPU.Build.0 = Debug|Any CPU
		{7C01D56D-013D-450C-9EA7-ABB322C434D2}.Release|Any CPU.ActiveCfg = Release|Any CPU
		{7C01D56D-013D-450C-9EA7-ABB322C434D2}.Release|Any CPU.Build.0 = Release|Any CPU
		{A18FFAC6-5C5D-45B4-831C-445C50845468}.Debug|Any CPU.ActiveCfg = Debug|Any CPU
		{A18FFAC6-5C5D-45B4-831C-445C50845468}.Debug|Any CPU.Build.0 = Debug|Any CPU
		{A18FFAC6-5C5D-45B4-831C-445C50845468}.Release|Any CPU.ActiveCfg = Release|Any CPU
		{A18FFAC6-5C5D-45B4-831C-445C50845468}.Release|Any CPU.Build.0 = Release|Any CPU
		{FB3B4FED-596B-4D3A-B41D-832AFAE850EC}.Debug|Any CPU.ActiveCfg = Debug|Any CPU
		{FB3B4FED-596B-4D3A-B41D-832AFAE850EC}.Debug|Any CPU.Build.0 = Debug|Any CPU
		{FB3B4FED-596B-4D3A-B41D-832AFAE850EC}.Release|Any CPU.ActiveCfg = Release|Any CPU
		{FB3B4FED-596B-4D3A-B41D-832AFAE850EC}.Release|Any CPU.Build.0 = Release|Any CPU
	EndGlobalSection
	GlobalSection(SolutionProperties) = preSolution
		HideSolutionNode = FALSE
	EndGlobalSection
EndGlobal
